{
  "version": 4,
  "terraform_version": "1.3.9",
  "serial": 18,
  "lineage": "f8c7b8fd-02a8-afea-0152-e6950d557263",
  "outputs": {},
  "resources": [
    {
      "mode": "managed",
      "type": "azurerm_linux_virtual_machine",
      "name": "bd-vm",
      "provider": "provider[\"registry.terraform.io/hashicorp/azurerm\"]",
      "instances": [
        {
          "schema_version": 0,
          "attributes": {
            "additional_capabilities": [],
            "admin_password": null,
            "admin_ssh_key": [
              {
                "public_key": "ssh-rsa AAAAB3NzaC1yc2EAAAADAQABAAABgQDEx2n0m6Y/CFfNXRHWZF1sAM7GAHW6gHwhIWzWLOyBjTok+8W9s8x74N6m8LLH5pKBDal5o9oAOqslcIPp62YEYOYHza6CJG+QY1AwWnFgMscdNKi08u7mUsA6vId2PkFM25EWcBKlgeG0FTntV7AVIgQ7fCE7YB4bZvCWVWZ8e2Qb/uB1yeXQ/sosr6I90UY66TVkV/ds2uQOeuQfN1O0+r49uDmKrmcSaMPMAR1Y8+UGNFid7eygNCSeoNU3nlpOuv46Dwu/21wQMeu/yg0isNb76ufYLBYWgZQPKaIBarm88uZ8PyMAuK5bTKWOn1CfPaW2POJ3YX+cQoyBfcugq/MC/Dg0mRgiS+xOHdVunoQ5aothKwvpdq9JjseSy+RghUoj7jB0wSd10j+uYp6erX5SohfrmB+mEEduWXfyEfDxvSIQOf5L0tBg3PgoWPoc4pahMBqIirUh42yszG3k9c2+1uWs9m2M2h/zCK1bQwbmxjlS7yaY+Pz+yLgPKdE= anura@Anurag_Tigga\r\n",
                "username": "adminuser"
              }
            ],
            "admin_username": "adminuser",
            "allow_extension_operations": true,
            "availability_set_id": "",
            "boot_diagnostics": [],
            "computer_name": "bd-vm",
            "custom_data": null,
            "dedicated_host_group_id": "",
            "dedicated_host_id": "",
            "disable_password_authentication": true,
            "edge_zone": "",
            "encryption_at_host_enabled": false,
            "eviction_policy": "",
            "extensions_time_budget": "PT1H30M",
            "id": "/subscriptions/e0fd79dd-e640-4532-af5b-7764f94cd58a/resourceGroups/bd-resources/providers/Microsoft.Compute/virtualMachines/bd-vm",
            "identity": [],
            "license_type": "",
            "location": "eastus",
            "max_bid_price": -1,
            "name": "bd-vm",
            "network_interface_ids": [
              "/subscriptions/e0fd79dd-e640-4532-af5b-7764f94cd58a/resourceGroups/bd-resources/providers/Microsoft.Network/networkInterfaces/bd-nic"
            ],
            "os_disk": [
              {
                "caching": "ReadWrite",
                "diff_disk_settings": [],
                "disk_encryption_set_id": "",
                "disk_size_gb": 30,
                "name": "bd-vm_OsDisk_1_efb49984721e405fb7c47a000c39ccdd",
                "storage_account_type": "Standard_LRS",
                "write_accelerator_enabled": false
              }
            ],
            "patch_mode": "ImageDefault",
            "plan": [],
            "platform_fault_domain": -1,
            "priority": "Regular",
            "private_ip_address": "10.123.1.4",
            "private_ip_addresses": [
              "10.123.1.4"
            ],
            "provision_vm_agent": true,
            "proximity_placement_group_id": "",
            "public_ip_address": "20.232.181.14",
            "public_ip_addresses": [
              "20.232.181.14"
            ],
            "resource_group_name": "bd-resources",
            "secret": [],
            "secure_boot_enabled": false,
            "size": "Standard_F2",
            "source_image_id": "",
            "source_image_reference": [
              {
                "offer": "UbuntuServer",
                "publisher": "Canonical",
                "sku": "16.04-LTS",
                "version": "latest"
              }
            ],
            "tags": {
              "environment": "dev"
            },
            "termination_notification": null,
            "timeouts": null,
            "user_data": "",
            "virtual_machine_id": "b2ebc30a-b7d1-4e76-9fd1-7d1b1f25d095",
            "virtual_machine_scale_set_id": "",
            "vtpm_enabled": false,
            "zone": ""
          },
          "sensitive_attributes": [],
          "private": "eyJlMmJmYjczMC1lY2FhLTExZTYtOGY4OC0zNDM2M2JjN2M0YzAiOnsiY3JlYXRlIjoyNzAwMDAwMDAwMDAwLCJkZWxldGUiOjI3MDAwMDAwMDAwMDAsInJlYWQiOjMwMDAwMDAwMDAwMCwidXBkYXRlIjoyNzAwMDAwMDAwMDAwfX0=",
          "dependencies": [
            "azurerm_network_interface.bd-nic",
            "azurerm_resource_group.bd-rg"
          ]
        }
      ]
    },
    {
      "mode": "managed",
      "type": "azurerm_network_interface",
      "name": "bd-nic",
      "provider": "provider[\"registry.terraform.io/hashicorp/azurerm\"]",
      "instances": [
        {
          "schema_version": 0,
          "attributes": {
            "applied_dns_servers": [],
            "dns_servers": [],
            "edge_zone": "",
            "enable_accelerated_networking": false,
            "enable_ip_forwarding": false,
            "id": "/subscriptions/e0fd79dd-e640-4532-af5b-7764f94cd58a/resourceGroups/bd-resources/providers/Microsoft.Network/networkInterfaces/bd-nic",
            "internal_dns_name_label": "",
            "internal_domain_name_suffix": "nfugfax5wuauxb3urtqwwgotfh.bx.internal.cloudapp.net",
            "ip_configuration": [
              {
                "gateway_load_balancer_frontend_ip_configuration_id": "",
                "name": "internal",
                "primary": true,
                "private_ip_address": "10.123.1.4",
                "private_ip_address_allocation": "Dynamic",
                "private_ip_address_version": "IPv4",
                "public_ip_address_id": "/subscriptions/e0fd79dd-e640-4532-af5b-7764f94cd58a/resourceGroups/bd-resources/providers/Microsoft.Network/publicIPAddresses/bd-ip",
                "subnet_id": "/subscriptions/e0fd79dd-e640-4532-af5b-7764f94cd58a/resourceGroups/bd-resources/providers/Microsoft.Network/virtualNetworks/bd-network/subnets/bd-subnet"
              }
            ],
            "location": "eastus",
            "mac_address": "",
            "name": "bd-nic",
            "private_ip_address": "10.123.1.4",
            "private_ip_addresses": [
              "10.123.1.4"
            ],
            "resource_group_name": "bd-resources",
            "tags": {
              "environment": "dev"
            },
            "timeouts": null,
            "virtual_machine_id": ""
          },
          "sensitive_attributes": [],
          "private": "eyJlMmJmYjczMC1lY2FhLTExZTYtOGY4OC0zNDM2M2JjN2M0YzAiOnsiY3JlYXRlIjoxODAwMDAwMDAwMDAwLCJkZWxldGUiOjE4MDAwMDAwMDAwMDAsInJlYWQiOjMwMDAwMDAwMDAwMCwidXBkYXRlIjoxODAwMDAwMDAwMDAwfX0=",
          "dependencies": [
            "azurerm_public_ip.bd-ip",
            "azurerm_resource_group.bd-rg",
            "azurerm_subnet.bd-subnet",
            "azurerm_virtual_network.bd-vn"
          ]
        }
      ]
    },
    {
      "mode": "managed",
      "type": "azurerm_network_security_group",
      "name": "bd-sg",
      "provider": "provider[\"registry.terraform.io/hashicorp/azurerm\"]",
      "instances": [
        {
          "schema_version": 0,
          "attributes": {
            "id": "/subscriptions/e0fd79dd-e640-4532-af5b-7764f94cd58a/resourceGroups/bd-resources/providers/Microsoft.Network/networkSecurityGroups/bd-sg",
            "location": "eastus",
            "name": "bd-sg",
            "resource_group_name": "bd-resources",
            "security_rule": [
              {
                "access": "Allow",
                "description": "",
                "destination_address_prefix": "*",
                "destination_address_prefixes": [],
                "destination_application_security_group_ids": [],
                "destination_port_range": "*",
                "destination_port_ranges": [],
                "direction": "Inbound",
                "name": "bd-dev-rule",
                "priority": 100,
                "protocol": "*",
                "source_address_prefix": "*",
                "source_address_prefixes": [],
                "source_application_security_group_ids": [],
                "source_port_range": "*",
                "source_port_ranges": []
              }
            ],
            "tags": {
              "environment": "dev"
            },
            "timeouts": null
          },
          "sensitive_attributes": [],
          "private": "eyJlMmJmYjczMC1lY2FhLTExZTYtOGY4OC0zNDM2M2JjN2M0YzAiOnsiY3JlYXRlIjoxODAwMDAwMDAwMDAwLCJkZWxldGUiOjE4MDAwMDAwMDAwMDAsInJlYWQiOjMwMDAwMDAwMDAwMCwidXBkYXRlIjoxODAwMDAwMDAwMDAwfX0=",
          "dependencies": [
            "azurerm_resource_group.bd-rg"
          ]
        }
      ]
    },
    {
      "mode": "managed",
      "type": "azurerm_network_security_rule",
      "name": "bd-dev-rule",
      "provider": "provider[\"registry.terraform.io/hashicorp/azurerm\"]",
      "instances": [
        {
          "schema_version": 0,
          "attributes": {
            "access": "Allow",
            "description": "",
            "destination_address_prefix": "*",
            "destination_address_prefixes": [],
            "destination_application_security_group_ids": [],
            "destination_port_range": "*",
            "destination_port_ranges": [],
            "direction": "Inbound",
            "id": "/subscriptions/e0fd79dd-e640-4532-af5b-7764f94cd58a/resourceGroups/bd-resources/providers/Microsoft.Network/networkSecurityGroups/bd-sg/securityRules/bd-dev-rule",
            "name": "bd-dev-rule",
            "network_security_group_name": "bd-sg",
            "priority": 100,
            "protocol": "*",
            "resource_group_name": "bd-resources",
            "source_address_prefix": "*",
            "source_address_prefixes": [],
            "source_application_security_group_ids": [],
            "source_port_range": "*",
            "source_port_ranges": [],
            "timeouts": null
          },
          "sensitive_attributes": [],
          "private": "eyJlMmJmYjczMC1lY2FhLTExZTYtOGY4OC0zNDM2M2JjN2M0YzAiOnsiY3JlYXRlIjoxODAwMDAwMDAwMDAwLCJkZWxldGUiOjE4MDAwMDAwMDAwMDAsInJlYWQiOjMwMDAwMDAwMDAwMCwidXBkYXRlIjoxODAwMDAwMDAwMDAwfX0=",
          "dependencies": [
            "azurerm_network_security_group.bd-sg",
            "azurerm_resource_group.bd-rg"
          ]
        }
      ]
    },
    {
      "mode": "managed",
      "type": "azurerm_public_ip",
      "name": "bd-ip",
      "provider": "provider[\"registry.terraform.io/hashicorp/azurerm\"]",
      "instances": [
        {
          "schema_version": 0,
          "attributes": {
            "allocation_method": "Dynamic",
            "domain_name_label": null,
            "edge_zone": "",
            "fqdn": null,
            "id": "/subscriptions/e0fd79dd-e640-4532-af5b-7764f94cd58a/resourceGroups/bd-resources/providers/Microsoft.Network/publicIPAddresses/bd-ip",
            "idle_timeout_in_minutes": 4,
            "ip_address": "",
            "ip_tags": {},
            "ip_version": "IPv4",
            "location": "eastus",
            "name": "bd-ip",
            "public_ip_prefix_id": null,
            "resource_group_name": "bd-resources",
            "reverse_fqdn": null,
            "sku": "Basic",
            "sku_tier": "Regional",
            "tags": {
              "environment": "dev"
            },
            "timeouts": null,
            "zones": []
          },
          "sensitive_attributes": [],
          "private": "eyJlMmJmYjczMC1lY2FhLTExZTYtOGY4OC0zNDM2M2JjN2M0YzAiOnsiY3JlYXRlIjoxODAwMDAwMDAwMDAwLCJkZWxldGUiOjE4MDAwMDAwMDAwMDAsInJlYWQiOjMwMDAwMDAwMDAwMCwidXBkYXRlIjoxODAwMDAwMDAwMDAwfX0=",
          "dependencies": [
            "azurerm_resource_group.bd-rg"
          ]
        }
      ]
    },
    {
      "mode": "managed",
      "type": "azurerm_resource_group",
      "name": "bd-rg",
      "provider": "provider[\"registry.terraform.io/hashicorp/azurerm\"]",
      "instances": [
        {
          "schema_version": 0,
          "attributes": {
            "id": "/subscriptions/e0fd79dd-e640-4532-af5b-7764f94cd58a/resourceGroups/bd-resources",
            "location": "eastus",
            "name": "bd-resources",
            "tags": {
              "environment": "dev"
            },
            "timeouts": null
          },
          "sensitive_attributes": [],
          "private": "eyJlMmJmYjczMC1lY2FhLTExZTYtOGY4OC0zNDM2M2JjN2M0YzAiOnsiY3JlYXRlIjo1NDAwMDAwMDAwMDAwLCJkZWxldGUiOjU0MDAwMDAwMDAwMDAsInJlYWQiOjMwMDAwMDAwMDAwMCwidXBkYXRlIjo1NDAwMDAwMDAwMDAwfX0="
        }
      ]
    },
    {
      "mode": "managed",
      "type": "azurerm_subnet",
      "name": "bd-subnet",
      "provider": "provider[\"registry.terraform.io/hashicorp/azurerm\"]",
      "instances": [
        {
          "schema_version": 0,
          "attributes": {
            "address_prefixes": [
              "10.123.1.0/24"
            ],
            "delegation": [],
            "enforce_private_link_endpoint_network_policies": false,
            "enforce_private_link_service_network_policies": false,
            "id": "/subscriptions/e0fd79dd-e640-4532-af5b-7764f94cd58a/resourceGroups/bd-resources/providers/Microsoft.Network/virtualNetworks/bd-network/subnets/bd-subnet",
            "name": "bd-subnet",
            "resource_group_name": "bd-resources",
            "service_endpoint_policy_ids": [],
            "service_endpoints": [],
            "timeouts": null,
            "virtual_network_name": "bd-network"
          },
          "sensitive_attributes": [],
          "private": "eyJlMmJmYjczMC1lY2FhLTExZTYtOGY4OC0zNDM2M2JjN2M0YzAiOnsiY3JlYXRlIjoxODAwMDAwMDAwMDAwLCJkZWxldGUiOjE4MDAwMDAwMDAwMDAsInJlYWQiOjMwMDAwMDAwMDAwMCwidXBkYXRlIjoxODAwMDAwMDAwMDAwfX0=",
          "dependencies": [
            "azurerm_resource_group.bd-rg",
            "azurerm_virtual_network.bd-vn"
          ]
        }
      ]
    },
    {
      "mode": "managed",
      "type": "azurerm_subnet_network_security_group_association",
      "name": "bd-sga",
      "provider": "provider[\"registry.terraform.io/hashicorp/azurerm\"]",
      "instances": [
        {
          "schema_version": 0,
          "attributes": {
            "id": "/subscriptions/e0fd79dd-e640-4532-af5b-7764f94cd58a/resourceGroups/bd-resources/providers/Microsoft.Network/virtualNetworks/bd-network/subnets/bd-subnet",
            "network_security_group_id": "/subscriptions/e0fd79dd-e640-4532-af5b-7764f94cd58a/resourceGroups/bd-resources/providers/Microsoft.Network/networkSecurityGroups/bd-sg",
            "subnet_id": "/subscriptions/e0fd79dd-e640-4532-af5b-7764f94cd58a/resourceGroups/bd-resources/providers/Microsoft.Network/virtualNetworks/bd-network/subnets/bd-subnet",
            "timeouts": null
          },
          "sensitive_attributes": [],
          "private": "eyJlMmJmYjczMC1lY2FhLTExZTYtOGY4OC0zNDM2M2JjN2M0YzAiOnsiY3JlYXRlIjoxODAwMDAwMDAwMDAwLCJkZWxldGUiOjE4MDAwMDAwMDAwMDAsInJlYWQiOjMwMDAwMDAwMDAwMCwidXBkYXRlIjoxODAwMDAwMDAwMDAwfX0=",
          "dependencies": [
            "azurerm_network_security_group.bd-sg",
            "azurerm_resource_group.bd-rg",
            "azurerm_subnet.bd-subnet",
            "azurerm_virtual_network.bd-vn"
          ]
        }
      ]
    },
    {
      "mode": "managed",
      "type": "azurerm_virtual_network",
      "name": "bd-vn",
      "provider": "provider[\"registry.terraform.io/hashicorp/azurerm\"]",
      "instances": [
        {
          "schema_version": 0,
          "attributes": {
            "address_space": [
              "10.123.0.0/16"
            ],
            "bgp_community": "",
            "ddos_protection_plan": [],
            "dns_servers": [],
            "edge_zone": "",
            "flow_timeout_in_minutes": 0,
            "guid": "82626869-b5ff-4b01-87b4-8ce16b19d32f",
            "id": "/subscriptions/e0fd79dd-e640-4532-af5b-7764f94cd58a/resourceGroups/bd-resources/providers/Microsoft.Network/virtualNetworks/bd-network",
            "location": "eastus",
            "name": "bd-network",
            "resource_group_name": "bd-resources",
            "subnet": [
              {
                "address_prefix": "10.123.1.0/24",
                "id": "/subscriptions/e0fd79dd-e640-4532-af5b-7764f94cd58a/resourceGroups/bd-resources/providers/Microsoft.Network/virtualNetworks/bd-network/subnets/bd-subnet",
                "name": "bd-subnet",
                "security_group": "/subscriptions/e0fd79dd-e640-4532-af5b-7764f94cd58a/resourceGroups/bd-resources/providers/Microsoft.Network/networkSecurityGroups/bd-sg"
              }
            ],
            "tags": {
              "environment": "dev"
            },
            "timeouts": null
          },
          "sensitive_attributes": [],
          "private": "eyJlMmJmYjczMC1lY2FhLTExZTYtOGY4OC0zNDM2M2JjN2M0YzAiOnsiY3JlYXRlIjoxODAwMDAwMDAwMDAwLCJkZWxldGUiOjE4MDAwMDAwMDAwMDAsInJlYWQiOjMwMDAwMDAwMDAwMCwidXBkYXRlIjoxODAwMDAwMDAwMDAwfX0=",
          "dependencies": [
            "azurerm_resource_group.bd-rg"
          ]
        }
      ]
    }
  ],
  "check_results": null
}
